{
	"name": "tsgo-bug-1778",
	"lockfileVersion": 3,
	"requires": true,
	"packages": {
		"": {
			"dependencies": {
				"lit": "x"
			},
			"devDependencies": {
				"@typescript/native-preview": "7.0.0-dev.20251002.1",
				"typescript": "x"
			}
		},
		"node_modules/@lit-labs/ssr-dom-shim": {
			"version": "1.4.0",
			"resolved": "https://registry.npmjs.org/@lit-labs/ssr-dom-shim/-/ssr-dom-shim-1.4.0.tgz",
			"integrity": "sha512-ficsEARKnmmW5njugNYKipTm4SFnbik7CXtoencDZzmzo/dQ+2Q0bgkzJuoJP20Aj0F+izzJjOqsnkd6F/o1bw==",
			"license": "BSD-3-Clause"
		},
		"node_modules/@lit/reactive-element": {
			"version": "2.1.1",
			"resolved": "https://registry.npmjs.org/@lit/reactive-element/-/reactive-element-2.1.1.tgz",
			"integrity": "sha512-N+dm5PAYdQ8e6UlywyyrgI2t++wFGXfHx+dSJ1oBrg6FAxUj40jId++EaRm80MKX5JnlH1sBsyZ5h0bcZKemCg==",
			"license": "BSD-3-Clause",
			"dependencies": {
				"@lit-labs/ssr-dom-shim": "^1.4.0"
			}
		},
		"node_modules/@types/trusted-types": {
			"version": "2.0.7",
			"resolved": "https://registry.npmjs.org/@types/trusted-types/-/trusted-types-2.0.7.tgz",
			"integrity": "sha512-ScaPdn1dQczgbl0QFTeTOmVHFULt394XJgOQNoyVhZ6r2vLnMLJfBPd53SB52T/3G36VI1/g2MZaX0cwDuXsfw==",
			"license": "MIT"
		},
		"node_modules/@typescript/native-preview": {
			"version": "7.0.0-dev.20251002.1",
			"resolved": "https://registry.npmjs.org/@typescript/native-preview/-/native-preview-7.0.0-dev.20251002.1.tgz",
			"integrity": "sha512-rpqqkdu7ouvrU0BnYKFvctvPC26923vQjaCnmlapU+u26eWDyyoQdX70Qk9olrV92mK5MaStRSK4EXGAFao7PQ==",
			"dev": true,
			"license": "Apache-2.0",
			"bin": {
				"tsgo": "bin/tsgo.js"
			},
			"optionalDependencies": {
				"@typescript/native-preview-darwin-arm64": "7.0.0-dev.20251002.1",
				"@typescript/native-preview-darwin-x64": "7.0.0-dev.20251002.1",
				"@typescript/native-preview-linux-arm": "7.0.0-dev.20251002.1",
				"@typescript/native-preview-linux-arm64": "7.0.0-dev.20251002.1",
				"@typescript/native-preview-linux-x64": "7.0.0-dev.20251002.1",
				"@typescript/native-preview-win32-arm64": "7.0.0-dev.20251002.1",
				"@typescript/native-preview-win32-x64": "7.0.0-dev.20251002.1"
			}
		},
		"node_modules/@typescript/native-preview-darwin-arm64": {
			"version": "7.0.0-dev.20251002.1",
			"resolved": "https://registry.npmjs.org/@typescript/native-preview-darwin-arm64/-/native-preview-darwin-arm64-7.0.0-dev.20251002.1.tgz",
			"integrity": "sha512-dNOYeoRKl9GTZ8uUOyaw+5dC31o6I3fY/922myhK5UR68kLfKZAAqPweLuA9hrjBvI2Wj6sBPJa2mwrrQ4lyhg==",
			"cpu": [
				"arm64"
			],
			"dev": true,
			"license": "Apache-2.0",
			"optional": true,
			"os": [
				"darwin"
			]
		},
		"node_modules/@typescript/native-preview-darwin-x64": {
			"version": "7.0.0-dev.20251002.1",
			"resolved": "https://registry.npmjs.org/@typescript/native-preview-darwin-x64/-/native-preview-darwin-x64-7.0.0-dev.20251002.1.tgz",
			"integrity": "sha512-BtYbb5OXtH7QBb/vQfBKPndscI1XEbBw8cJcz2wrHQMKT+T6lhAwvSEVoosEeLfst5r+1AnGTzDoAE8hMuCqyA==",
			"cpu": [
				"x64"
			],
			"dev": true,
			"license": "Apache-2.0",
			"optional": true,
			"os": [
				"darwin"
			]
		},
		"node_modules/@typescript/native-preview-linux-arm": {
			"version": "7.0.0-dev.20251002.1",
			"resolved": "https://registry.npmjs.org/@typescript/native-preview-linux-arm/-/native-preview-linux-arm-7.0.0-dev.20251002.1.tgz",
			"integrity": "sha512-xiXe9kGIk72Wn1OqhfbxAi4OuFgLn57fj4iEfnupF/m1F13m1MPvTfNLWfKY/U1+jzI9xxZl9OQp6uXdEMl3fg==",
			"cpu": [
				"arm"
			],
			"dev": true,
			"license": "Apache-2.0",
			"optional": true,
			"os": [
				"linux"
			]
		},
		"node_modules/@typescript/native-preview-linux-arm64": {
			"version": "7.0.0-dev.20251002.1",
			"resolved": "https://registry.npmjs.org/@typescript/native-preview-linux-arm64/-/native-preview-linux-arm64-7.0.0-dev.20251002.1.tgz",
			"integrity": "sha512-fnqcNinmHwMJatvh8NA98ETkImCM8ChqzXj8vP894tXCyKXUyVayezHlyMDgwaYcInXdr0NnPDAZRqmg2GN9fA==",
			"cpu": [
				"arm64"
			],
			"dev": true,
			"license": "Apache-2.0",
			"optional": true,
			"os": [
				"linux"
			]
		},
		"node_modules/@typescript/native-preview-linux-x64": {
			"version": "7.0.0-dev.20251002.1",
			"resolved": "https://registry.npmjs.org/@typescript/native-preview-linux-x64/-/native-preview-linux-x64-7.0.0-dev.20251002.1.tgz",
			"integrity": "sha512-IIgp+bt/fXIaJNfOuvN+BPwcZHvMLzfSA6fiFPaKoz9YJC1SNdGjHbVB9W8ee7SvnSWsDu0nL9KOMTeTt2QTGQ==",
			"cpu": [
				"x64"
			],
			"dev": true,
			"license": "Apache-2.0",
			"optional": true,
			"os": [
				"linux"
			]
		},
		"node_modules/@typescript/native-preview-win32-arm64": {
			"version": "7.0.0-dev.20251002.1",
			"resolved": "https://registry.npmjs.org/@typescript/native-preview-win32-arm64/-/native-preview-win32-arm64-7.0.0-dev.20251002.1.tgz",
			"integrity": "sha512-fhcSCJhwEm/RhSpTIKF6iQgirqoBa1tjFNglF+67UQD59GSeGcDZkhpH1/TtDoworCEdCgWjhk9rXd4Thxrzgw==",
			"cpu": [
				"arm64"
			],
			"dev": true,
			"license": "Apache-2.0",
			"optional": true,
			"os": [
				"win32"
			]
		},
		"node_modules/@typescript/native-preview-win32-x64": {
			"version": "7.0.0-dev.20251002.1",
			"resolved": "https://registry.npmjs.org/@typescript/native-preview-win32-x64/-/native-preview-win32-x64-7.0.0-dev.20251002.1.tgz",
			"integrity": "sha512-JdvsDPi13LV1LohFhwySF9gPS0mSoK11IG5pfmXSCV22qE+vaPVIVwJ4DYKp2xqb0A8u5eYe2hJTgZTUQDx+/A==",
			"cpu": [
				"x64"
			],
			"dev": true,
			"license": "Apache-2.0",
			"optional": true,
			"os": [
				"win32"
			]
		},
		"node_modules/lit": {
			"version": "3.3.1",
			"resolved": "https://registry.npmjs.org/lit/-/lit-3.3.1.tgz",
			"integrity": "sha512-Ksr/8L3PTapbdXJCk+EJVB78jDodUMaP54gD24W186zGRARvwrsPfS60wae/SSCTCNZVPd1chXqio1qHQmu4NA==",
			"license": "BSD-3-Clause",
			"dependencies": {
				"@lit/reactive-element": "^2.1.0",
				"lit-element": "^4.2.0",
				"lit-html": "^3.3.0"
			}
		},
		"node_modules/lit-element": {
			"version": "4.2.1",
			"resolved": "https://registry.npmjs.org/lit-element/-/lit-element-4.2.1.tgz",
			"integrity": "sha512-WGAWRGzirAgyphK2urmYOV72tlvnxw7YfyLDgQ+OZnM9vQQBQnumQ7jUJe6unEzwGU3ahFOjuz1iz1jjrpCPuw==",
			"license": "BSD-3-Clause",
			"dependencies": {
				"@lit-labs/ssr-dom-shim": "^1.4.0",
				"@lit/reactive-element": "^2.1.0",
				"lit-html": "^3.3.0"
			}
		},
		"node_modules/lit-html": {
			"version": "3.3.1",
			"resolved": "https://registry.npmjs.org/lit-html/-/lit-html-3.3.1.tgz",
			"integrity": "sha512-S9hbyDu/vs1qNrithiNyeyv64c9yqiW9l+DBgI18fL+MTvOtWoFR0FWiyq1TxaYef5wNlpEmzlXoBlZEO+WjoA==",
			"license": "BSD-3-Clause",
			"dependencies": {
				"@types/trusted-types": "^2.0.2"
			}
		},
		"node_modules/typescript": {
			"version": "5.9.3",
			"resolved": "https://registry.npmjs.org/typescript/-/typescript-5.9.3.tgz",
			"integrity": "sha512-jl1vZzPDinLr9eUt3J/t7V6FgNEw9QjvBPdysz9KfQDD41fQrC2Y4vKQdiaUpFT4bXlb1RHhLpp8wtm6M5TgSw==",
			"dev": true,
			"license": "Apache-2.0",
			"bin": {
				"tsc": "bin/tsc",
				"tsserver": "bin/tsserver"
			},
			"engines": {
				"node": ">=14.17"
			}
		}
	}
}
